
Microsoft Visual Studio Solution File, Format Version 12.00
# Visual Studio 14
VisualStudioVersion = 14.0.25420.1
MinimumVisualStudioVersion = 10.0.40219.1
Project("{FAE04EC0-301F-11D3-BF4B-00C04F79EFBC}") = "UMS.Web", "UMS.Web\UMS.Web.csproj", "{471437E4-F978-4A91-9349-1BF502E00071}"
EndProject
Project("{2150E333-8FDC-42A3-9474-1A3956D46DE8}") = "01_Presentation", "01_Presentation", "{8832E638-7BF0-4EF9-893A-12ADC0B08457}"
EndProject
Project("{2150E333-8FDC-42A3-9474-1A3956D46DE8}") = "02_Core", "02_Core", "{88576029-F7FE-41AA-BE9C-74154B5966F3}"
EndProject
Project("{2150E333-8FDC-42A3-9474-1A3956D46DE8}") = "03_Domain", "03_Domain", "{AB1F60D6-2A49-4E5D-A188-5F0A7110D669}"
EndProject
Project("{2150E333-8FDC-42A3-9474-1A3956D46DE8}") = "04_Infrastructure", "04_Infrastructure", "{1A4D2645-C3F4-404C-B95F-6185FF79BC10}"
EndProject
Project("{2150E333-8FDC-42A3-9474-1A3956D46DE8}") = "05_Database", "05_Database", "{18782883-5D15-40EC-BF9B-359089D45F95}"
EndProject
Project("{2150E333-8FDC-42A3-9474-1A3956D46DE8}") = "06_Test", "06_Test", "{1ED1C020-A1D9-4D7B-9E14-483C4874EA36}"
EndProject
Project("{2150E333-8FDC-42A3-9474-1A3956D46DE8}") = "07_ReferenceLib", "07_ReferenceLib", "{16DCE80F-3FB0-4477-BB4A-6E1A816CC5C8}"
EndProject
Project("{2150E333-8FDC-42A3-9474-1A3956D46DE8}") = "08_Tools", "08_Tools", "{748C90BE-8B7A-4A87-8ACB-206216C8096A}"
EndProject
Project("{FAE04EC0-301F-11D3-BF4B-00C04F79EFBC}") = "UMS.Framework.Web", "UMS.Framework.Web\UMS.Framework.Web.csproj", "{17745FC8-5667-4FC1-858E-0B0762A00A9B}"
EndProject
Project("{FAE04EC0-301F-11D3-BF4B-00C04F79EFBC}") = "UMS.Models", "UMS.Models\UMS.Models.csproj", "{2218D29B-9668-441B-84B8-CDAEDAD78501}"
EndProject
Project("{FAE04EC0-301F-11D3-BF4B-00C04F79EFBC}") = "UMS.Utility", "UMS.Utility\UMS.Utility.csproj", "{0A25A563-EF83-4834-8F09-EE559061EE2C}"
EndProject
Project("{FAE04EC0-301F-11D3-BF4B-00C04F79EFBC}") = "UMS.Cache", "UMS.Cache\UMS.Cache.csproj", "{32C10191-8759-4C20-A7D0-B71C01875B50}"
EndProject
Project("{FAE04EC0-301F-11D3-BF4B-00C04F79EFBC}") = "UMS.Config", "UMS.Config\UMS.Config.csproj", "{EAD7F2F7-3987-4147-AB2D-F9EB6F8D773F}"
EndProject
Project("{FAE04EC0-301F-11D3-BF4B-00C04F79EFBC}") = "UMS.Component.Data", "UMS.Component.Data\UMS.Component.Data.csproj", "{8758DF04-1A83-496B-9F63-2187E5EBDEF4}"
EndProject
Project("{FAE04EC0-301F-11D3-BF4B-00C04F79EFBC}") = "UMS.Generate", "UMS.Generate\UMS.Generate.csproj", "{C0830D72-D2CF-4974-987D-80D1B1CC5614}"
EndProject
Project("{FAE04EC0-301F-11D3-BF4B-00C04F79EFBC}") = "ConsoleApplication1", "ConsoleApplication1\ConsoleApplication1.csproj", "{8B34B47B-383D-49D7-8738-410B38184D8B}"
EndProject
Project("{00D1A9C2-B5F0-4AF3-8072-F6C62B433612}") = "UMS.Database", "UMS.Database\UMS.Database.sqlproj", "{CC49BBE2-D413-4247-B5CA-9B3850DF3DA5}"
EndProject
Project("{FAE04EC0-301F-11D3-BF4B-00C04F79EFBC}") = "UMS.Core", "UMS.Core\UMS.Core.csproj", "{4BACA8A0-11E7-4B27-8C34-A04E16F9260D}"
EndProject
Project("{FAE04EC0-301F-11D3-BF4B-00C04F79EFBC}") = "UMS.Core.Data", "UMS.Core.Data\UMS.Core.Data.csproj", "{7643825B-136D-4082-BB76-BACE685391D7}"
EndProject
Project("{FAE04EC0-301F-11D3-BF4B-00C04F79EFBC}") = "UMS.Log", "UMS.Log\UMS.Log.csproj", "{ACA8A0C5-2381-45A3-864B-3AF6FDD00F0E}"
EndProject
Global
	GlobalSection(SolutionConfigurationPlatforms) = preSolution
		Debug|Any CPU = Debug|Any CPU
		Release|Any CPU = Release|Any CPU
	EndGlobalSection
	GlobalSection(ProjectConfigurationPlatforms) = postSolution
		{471437E4-F978-4A91-9349-1BF502E00071}.Debug|Any CPU.ActiveCfg = Debug|Any CPU
		{471437E4-F978-4A91-9349-1BF502E00071}.Debug|Any CPU.Build.0 = Debug|Any CPU
		{471437E4-F978-4A91-9349-1BF502E00071}.Release|Any CPU.ActiveCfg = Release|Any CPU
		{471437E4-F978-4A91-9349-1BF502E00071}.Release|Any CPU.Build.0 = Release|Any CPU
		{17745FC8-5667-4FC1-858E-0B0762A00A9B}.Debug|Any CPU.ActiveCfg = Debug|Any CPU
		{17745FC8-5667-4FC1-858E-0B0762A00A9B}.Debug|Any CPU.Build.0 = Debug|Any CPU
		{17745FC8-5667-4FC1-858E-0B0762A00A9B}.Release|Any CPU.ActiveCfg = Release|Any CPU
		{17745FC8-5667-4FC1-858E-0B0762A00A9B}.Release|Any CPU.Build.0 = Release|Any CPU
		{2218D29B-9668-441B-84B8-CDAEDAD78501}.Debug|Any CPU.ActiveCfg = Debug|Any CPU
		{2218D29B-9668-441B-84B8-CDAEDAD78501}.Debug|Any CPU.Build.0 = Debug|Any CPU
		{2218D29B-9668-441B-84B8-CDAEDAD78501}.Release|Any CPU.ActiveCfg = Release|Any CPU
		{2218D29B-9668-441B-84B8-CDAEDAD78501}.Release|Any CPU.Build.0 = Release|Any CPU
		{0A25A563-EF83-4834-8F09-EE559061EE2C}.Debug|Any CPU.ActiveCfg = Debug|Any CPU
		{0A25A563-EF83-4834-8F09-EE559061EE2C}.Debug|Any CPU.Build.0 = Debug|Any CPU
		{0A25A563-EF83-4834-8F09-EE559061EE2C}.Release|Any CPU.ActiveCfg = Release|Any CPU
		{0A25A563-EF83-4834-8F09-EE559061EE2C}.Release|Any CPU.Build.0 = Release|Any CPU
		{32C10191-8759-4C20-A7D0-B71C01875B50}.Debug|Any CPU.ActiveCfg = Debug|Any CPU
		{32C10191-8759-4C20-A7D0-B71C01875B50}.Debug|Any CPU.Build.0 = Debug|Any CPU
		{32C10191-8759-4C20-A7D0-B71C01875B50}.Release|Any CPU.ActiveCfg = Release|Any CPU
		{32C10191-8759-4C20-A7D0-B71C01875B50}.Release|Any CPU.Build.0 = Release|Any CPU
		{EAD7F2F7-3987-4147-AB2D-F9EB6F8D773F}.Debug|Any CPU.ActiveCfg = Debug|Any CPU
		{EAD7F2F7-3987-4147-AB2D-F9EB6F8D773F}.Debug|Any CPU.Build.0 = Debug|Any CPU
		{EAD7F2F7-3987-4147-AB2D-F9EB6F8D773F}.Release|Any CPU.ActiveCfg = Release|Any CPU
		{EAD7F2F7-3987-4147-AB2D-F9EB6F8D773F}.Release|Any CPU.Build.0 = Release|Any CPU
		{8758DF04-1A83-496B-9F63-2187E5EBDEF4}.Debug|Any CPU.ActiveCfg = Debug|Any CPU
		{8758DF04-1A83-496B-9F63-2187E5EBDEF4}.Debug|Any CPU.Build.0 = Debug|Any CPU
		{8758DF04-1A83-496B-9F63-2187E5EBDEF4}.Release|Any CPU.ActiveCfg = Release|Any CPU
		{8758DF04-1A83-496B-9F63-2187E5EBDEF4}.Release|Any CPU.Build.0 = Release|Any CPU
		{C0830D72-D2CF-4974-987D-80D1B1CC5614}.Debug|Any CPU.ActiveCfg = Debug|Any CPU
		{C0830D72-D2CF-4974-987D-80D1B1CC5614}.Debug|Any CPU.Build.0 = Debug|Any CPU
		{C0830D72-D2CF-4974-987D-80D1B1CC5614}.Release|Any CPU.ActiveCfg = Release|Any CPU
		{C0830D72-D2CF-4974-987D-80D1B1CC5614}.Release|Any CPU.Build.0 = Release|Any CPU
		{8B34B47B-383D-49D7-8738-410B38184D8B}.Debug|Any CPU.ActiveCfg = Debug|Any CPU
		{8B34B47B-383D-49D7-8738-410B38184D8B}.Debug|Any CPU.Build.0 = Debug|Any CPU
		{8B34B47B-383D-49D7-8738-410B38184D8B}.Release|Any CPU.ActiveCfg = Release|Any CPU
		{8B34B47B-383D-49D7-8738-410B38184D8B}.Release|Any CPU.Build.0 = Release|Any CPU
		{CC49BBE2-D413-4247-B5CA-9B3850DF3DA5}.Debug|Any CPU.ActiveCfg = Debug|Any CPU
		{CC49BBE2-D413-4247-B5CA-9B3850DF3DA5}.Debug|Any CPU.Build.0 = Debug|Any CPU
		{CC49BBE2-D413-4247-B5CA-9B3850DF3DA5}.Debug|Any CPU.Deploy.0 = Debug|Any CPU
		{CC49BBE2-D413-4247-B5CA-9B3850DF3DA5}.Release|Any CPU.ActiveCfg = Release|Any CPU
		{CC49BBE2-D413-4247-B5CA-9B3850DF3DA5}.Release|Any CPU.Build.0 = Release|Any CPU
		{CC49BBE2-D413-4247-B5CA-9B3850DF3DA5}.Release|Any CPU.Deploy.0 = Release|Any CPU
		{4BACA8A0-11E7-4B27-8C34-A04E16F9260D}.Debug|Any CPU.ActiveCfg = Debug|Any CPU
		{4BACA8A0-11E7-4B27-8C34-A04E16F9260D}.Debug|Any CPU.Build.0 = Debug|Any CPU
		{4BACA8A0-11E7-4B27-8C34-A04E16F9260D}.Release|Any CPU.ActiveCfg = Release|Any CPU
		{4BACA8A0-11E7-4B27-8C34-A04E16F9260D}.Release|Any CPU.Build.0 = Release|Any CPU
		{7643825B-136D-4082-BB76-BACE685391D7}.Debug|Any CPU.ActiveCfg = Debug|Any CPU
		{7643825B-136D-4082-BB76-BACE685391D7}.Debug|Any CPU.Build.0 = Debug|Any CPU
		{7643825B-136D-4082-BB76-BACE685391D7}.Release|Any CPU.ActiveCfg = Release|Any CPU
		{7643825B-136D-4082-BB76-BACE685391D7}.Release|Any CPU.Build.0 = Release|Any CPU
		{ACA8A0C5-2381-45A3-864B-3AF6FDD00F0E}.Debug|Any CPU.ActiveCfg = Debug|Any CPU
		{ACA8A0C5-2381-45A3-864B-3AF6FDD00F0E}.Debug|Any CPU.Build.0 = Debug|Any CPU
		{ACA8A0C5-2381-45A3-864B-3AF6FDD00F0E}.Release|Any CPU.ActiveCfg = Release|Any CPU
		{ACA8A0C5-2381-45A3-864B-3AF6FDD00F0E}.Release|Any CPU.Build.0 = Release|Any CPU
	EndGlobalSection
	GlobalSection(SolutionProperties) = preSolution
		HideSolutionNode = FALSE
	EndGlobalSection
	GlobalSection(NestedProjects) = preSolution
		{471437E4-F978-4A91-9349-1BF502E00071} = {8832E638-7BF0-4EF9-893A-12ADC0B08457}
		{17745FC8-5667-4FC1-858E-0B0762A00A9B} = {1A4D2645-C3F4-404C-B95F-6185FF79BC10}
		{2218D29B-9668-441B-84B8-CDAEDAD78501} = {AB1F60D6-2A49-4E5D-A188-5F0A7110D669}
		{0A25A563-EF83-4834-8F09-EE559061EE2C} = {1A4D2645-C3F4-404C-B95F-6185FF79BC10}
		{32C10191-8759-4C20-A7D0-B71C01875B50} = {1A4D2645-C3F4-404C-B95F-6185FF79BC10}
		{EAD7F2F7-3987-4147-AB2D-F9EB6F8D773F} = {1A4D2645-C3F4-404C-B95F-6185FF79BC10}
		{8758DF04-1A83-496B-9F63-2187E5EBDEF4} = {1A4D2645-C3F4-404C-B95F-6185FF79BC10}
		{C0830D72-D2CF-4974-987D-80D1B1CC5614} = {748C90BE-8B7A-4A87-8ACB-206216C8096A}
		{8B34B47B-383D-49D7-8738-410B38184D8B} = {8832E638-7BF0-4EF9-893A-12ADC0B08457}
		{CC49BBE2-D413-4247-B5CA-9B3850DF3DA5} = {18782883-5D15-40EC-BF9B-359089D45F95}
		{4BACA8A0-11E7-4B27-8C34-A04E16F9260D} = {88576029-F7FE-41AA-BE9C-74154B5966F3}
		{7643825B-136D-4082-BB76-BACE685391D7} = {88576029-F7FE-41AA-BE9C-74154B5966F3}
		{ACA8A0C5-2381-45A3-864B-3AF6FDD00F0E} = {1A4D2645-C3F4-404C-B95F-6185FF79BC10}
	EndGlobalSection
EndGlobal
